// !$*UTF8*$!
{
	archiveVersion = 1;
	classes = {
	};
	objectVersion = 56;
	objects = {

/* Begin PBXBuildFile section */
		04256810A16AE7307621E8FD /* Pods_ground_list_up.framework in Frameworks */ = {isa = PBXBuildFile; fileRef = 772CC8CBB61D774B3F51C334 /* Pods_ground_list_up.framework */; };
		3AA7A9DD29663B1E00DD8A41 /* y_serviceTests.swift in Sources */ = {isa = PBXBuildFile; fileRef = 3AA7A9DC29663B1E00DD8A41 /* y_serviceTests.swift */; };
		3AA7A9E42970BE3500DD8A41 /* Environment.swift in Sources */ = {isa = PBXBuildFile; fileRef = 3AA7A9E32970BE3500DD8A41 /* Environment.swift */; };
		3AACC0EC295A6B7E0002C612 /* Localizable.strings in Resources */ = {isa = PBXBuildFile; fileRef = 3AACC0EB295A6B7E0002C612 /* Localizable.strings */; };
		3AACC0F1295A6CF10002C612 /* infoPlist.strings in Resources */ = {isa = PBXBuildFile; fileRef = 3AACC0F3295A6CF10002C612 /* infoPlist.strings */; };
		3AACC0FA295BB5CC0002C612 /* y_service.swift in Sources */ = {isa = PBXBuildFile; fileRef = 3AACC0F9295BB5CC0002C612 /* y_service.swift */; };
		3AACC0FC295BB5DB0002C612 /* y_repository.swift in Sources */ = {isa = PBXBuildFile; fileRef = 3AACC0FB295BB5DB0002C612 /* y_repository.swift */; };
		3AACC0FE295D24E70002C612 /* service_base.swift in Sources */ = {isa = PBXBuildFile; fileRef = 3AACC0FD295D24E70002C612 /* service_base.swift */; };
		3AACC100295D27390002C612 /* repository_base.swift in Sources */ = {isa = PBXBuildFile; fileRef = 3AACC0FF295D27390002C612 /* repository_base.swift */; };
		3AD5869C291DB1CA00BD3B31 /* ground_list_upApp.swift in Sources */ = {isa = PBXBuildFile; fileRef = 3AD5869B291DB1CA00BD3B31 /* ground_list_upApp.swift */; };
		3AD5869E291DB1CA00BD3B31 /* ContentView.swift in Sources */ = {isa = PBXBuildFile; fileRef = 3AD5869D291DB1CA00BD3B31 /* ContentView.swift */; };
		3AD586A0291DB1CB00BD3B31 /* Assets.xcassets in Resources */ = {isa = PBXBuildFile; fileRef = 3AD5869F291DB1CB00BD3B31 /* Assets.xcassets */; };
		3AD586A3291DB1CB00BD3B31 /* Preview Assets.xcassets in Resources */ = {isa = PBXBuildFile; fileRef = 3AD586A2291DB1CB00BD3B31 /* Preview Assets.xcassets */; };
		3AD586AD291DB1CB00BD3B31 /* ground_list_upTests.swift in Sources */ = {isa = PBXBuildFile; fileRef = 3AD586AC291DB1CB00BD3B31 /* ground_list_upTests.swift */; };
		3AD586B7291DB1CB00BD3B31 /* ground_list_upUITests.swift in Sources */ = {isa = PBXBuildFile; fileRef = 3AD586B6291DB1CB00BD3B31 /* ground_list_upUITests.swift */; };
		3AD586B9291DB1CB00BD3B31 /* ground_list_upUITestsLaunchTests.swift in Sources */ = {isa = PBXBuildFile; fileRef = 3AD586B8291DB1CB00BD3B31 /* ground_list_upUITestsLaunchTests.swift */; };
		4E97FEFA0C01011F8CC5F179 /* Pods_ground_list_up_ground_list_upUITests.framework in Frameworks */ = {isa = PBXBuildFile; fileRef = 28842874F281C9B389E4C83A /* Pods_ground_list_up_ground_list_upUITests.framework */; };
		C4D96388C118F9F4C7D9BE94 /* Pods_ground_list_upTests.framework in Frameworks */ = {isa = PBXBuildFile; fileRef = EF117322969421A819673937 /* Pods_ground_list_upTests.framework */; };
/* End PBXBuildFile section */

/* Begin PBXContainerItemProxy section */
		3AD586A9291DB1CB00BD3B31 /* PBXContainerItemProxy */ = {
			isa = PBXContainerItemProxy;
			containerPortal = 3AD58690291DB1CA00BD3B31 /* Project object */;
			proxyType = 1;
			remoteGlobalIDString = 3AD58697291DB1CA00BD3B31;
			remoteInfo = "ground-list-up";
		};
		3AD586B3291DB1CB00BD3B31 /* PBXContainerItemProxy */ = {
			isa = PBXContainerItemProxy;
			containerPortal = 3AD58690291DB1CA00BD3B31 /* Project object */;
			proxyType = 1;
			remoteGlobalIDString = 3AD58697291DB1CA00BD3B31;
			remoteInfo = "ground-list-up";
		};
/* End PBXContainerItemProxy section */

/* Begin PBXFileReference section */
		14E542819A2414C904AF5711 /* Pods-ground-list-upTests.release.xcconfig */ = {isa = PBXFileReference; includeInIndex = 1; lastKnownFileType = text.xcconfig; name = "Pods-ground-list-upTests.release.xcconfig"; path = "Target Support Files/Pods-ground-list-upTests/Pods-ground-list-upTests.release.xcconfig"; sourceTree = "<group>"; };
		28842874F281C9B389E4C83A /* Pods_ground_list_up_ground_list_upUITests.framework */ = {isa = PBXFileReference; explicitFileType = wrapper.framework; includeInIndex = 0; path = Pods_ground_list_up_ground_list_upUITests.framework; sourceTree = BUILT_PRODUCTS_DIR; };
		3AA7A9DC29663B1E00DD8A41 /* y_serviceTests.swift */ = {isa = PBXFileReference; lastKnownFileType = sourcecode.swift; path = y_serviceTests.swift; sourceTree = "<group>"; };
		3AA7A9E32970BE3500DD8A41 /* Environment.swift */ = {isa = PBXFileReference; lastKnownFileType = sourcecode.swift; path = Environment.swift; sourceTree = "<group>"; };
		3AACC0EA29591C170002C612 /* Info.plist */ = {isa = PBXFileReference; lastKnownFileType = text.plist; path = Info.plist; sourceTree = "<group>"; };
		3AACC0EB295A6B7E0002C612 /* Localizable.strings */ = {isa = PBXFileReference; lastKnownFileType = text.plist.strings; path = Localizable.strings; sourceTree = "<group>"; };
		3AACC0F2295A6CF10002C612 /* ja */ = {isa = PBXFileReference; lastKnownFileType = text.plist.strings; name = ja; path = ja.lproj/infoPlist.strings; sourceTree = "<group>"; };
		3AACC0F4295A6D050002C612 /* en */ = {isa = PBXFileReference; lastKnownFileType = text.plist.strings; name = en; path = en.lproj/infoPlist.strings; sourceTree = "<group>"; };
		3AACC0F9295BB5CC0002C612 /* y_service.swift */ = {isa = PBXFileReference; lastKnownFileType = sourcecode.swift; path = y_service.swift; sourceTree = "<group>"; };
		3AACC0FB295BB5DB0002C612 /* y_repository.swift */ = {isa = PBXFileReference; lastKnownFileType = sourcecode.swift; path = y_repository.swift; sourceTree = "<group>"; };
		3AACC0FD295D24E70002C612 /* service_base.swift */ = {isa = PBXFileReference; lastKnownFileType = sourcecode.swift; path = service_base.swift; sourceTree = "<group>"; };
		3AACC0FF295D27390002C612 /* repository_base.swift */ = {isa = PBXFileReference; lastKnownFileType = sourcecode.swift; path = repository_base.swift; sourceTree = "<group>"; };
		3AD58698291DB1CA00BD3B31 /* ground-list-up.app */ = {isa = PBXFileReference; explicitFileType = wrapper.application; includeInIndex = 0; path = "ground-list-up.app"; sourceTree = BUILT_PRODUCTS_DIR; };
		3AD5869B291DB1CA00BD3B31 /* ground_list_upApp.swift */ = {isa = PBXFileReference; lastKnownFileType = sourcecode.swift; path = ground_list_upApp.swift; sourceTree = "<group>"; };
		3AD5869D291DB1CA00BD3B31 /* ContentView.swift */ = {isa = PBXFileReference; lastKnownFileType = sourcecode.swift; path = ContentView.swift; sourceTree = "<group>"; };
		3AD5869F291DB1CB00BD3B31 /* Assets.xcassets */ = {isa = PBXFileReference; lastKnownFileType = folder.assetcatalog; path = Assets.xcassets; sourceTree = "<group>"; };
		3AD586A2291DB1CB00BD3B31 /* Preview Assets.xcassets */ = {isa = PBXFileReference; lastKnownFileType = folder.assetcatalog; path = "Preview Assets.xcassets"; sourceTree = "<group>"; };
		3AD586A8291DB1CB00BD3B31 /* ground-list-upTests.xctest */ = {isa = PBXFileReference; explicitFileType = wrapper.cfbundle; includeInIndex = 0; path = "ground-list-upTests.xctest"; sourceTree = BUILT_PRODUCTS_DIR; };
		3AD586AC291DB1CB00BD3B31 /* ground_list_upTests.swift */ = {isa = PBXFileReference; lastKnownFileType = sourcecode.swift; path = ground_list_upTests.swift; sourceTree = "<group>"; };
		3AD586B2291DB1CB00BD3B31 /* ground-list-upUITests.xctest */ = {isa = PBXFileReference; explicitFileType = wrapper.cfbundle; includeInIndex = 0; path = "ground-list-upUITests.xctest"; sourceTree = BUILT_PRODUCTS_DIR; };
		3AD586B6291DB1CB00BD3B31 /* ground_list_upUITests.swift */ = {isa = PBXFileReference; lastKnownFileType = sourcecode.swift; path = ground_list_upUITests.swift; sourceTree = "<group>"; };
		3AD586B8291DB1CB00BD3B31 /* ground_list_upUITestsLaunchTests.swift */ = {isa = PBXFileReference; lastKnownFileType = sourcecode.swift; path = ground_list_upUITestsLaunchTests.swift; sourceTree = "<group>"; };
		772CC8CBB61D774B3F51C334 /* Pods_ground_list_up.framework */ = {isa = PBXFileReference; explicitFileType = wrapper.framework; includeInIndex = 0; path = Pods_ground_list_up.framework; sourceTree = BUILT_PRODUCTS_DIR; };
		7AAA7439D22311C3988A61AA /* Pods-ground-list-up.debug.xcconfig */ = {isa = PBXFileReference; includeInIndex = 1; lastKnownFileType = text.xcconfig; name = "Pods-ground-list-up.debug.xcconfig"; path = "Target Support Files/Pods-ground-list-up/Pods-ground-list-up.debug.xcconfig"; sourceTree = "<group>"; };
		A0B823D4667228BFD84FFAFD /* Pods-ground-list-up-ground-list-upUITests.debug.xcconfig */ = {isa = PBXFileReference; includeInIndex = 1; lastKnownFileType = text.xcconfig; name = "Pods-ground-list-up-ground-list-upUITests.debug.xcconfig"; path = "Target Support Files/Pods-ground-list-up-ground-list-upUITests/Pods-ground-list-up-ground-list-upUITests.debug.xcconfig"; sourceTree = "<group>"; };
		A3C092F7FA081717ED4C0995 /* Pods-ground-list-upTests.debug.xcconfig */ = {isa = PBXFileReference; includeInIndex = 1; lastKnownFileType = text.xcconfig; name = "Pods-ground-list-upTests.debug.xcconfig"; path = "Target Support Files/Pods-ground-list-upTests/Pods-ground-list-upTests.debug.xcconfig"; sourceTree = "<group>"; };
		C4778F9356D5D7109DC05783 /* Pods-ground-list-up-ground-list-upUITests.release.xcconfig */ = {isa = PBXFileReference; includeInIndex = 1; lastKnownFileType = text.xcconfig; name = "Pods-ground-list-up-ground-list-upUITests.release.xcconfig"; path = "Target Support Files/Pods-ground-list-up-ground-list-upUITests/Pods-ground-list-up-ground-list-upUITests.release.xcconfig"; sourceTree = "<group>"; };
		EF117322969421A819673937 /* Pods_ground_list_upTests.framework */ = {isa = PBXFileReference; explicitFileType = wrapper.framework; includeInIndex = 0; path = Pods_ground_list_upTests.framework; sourceTree = BUILT_PRODUCTS_DIR; };
		F0E91B53F25110A0EEA16E52 /* Pods-ground-list-up.release.xcconfig */ = {isa = PBXFileReference; includeInIndex = 1; lastKnownFileType = text.xcconfig; name = "Pods-ground-list-up.release.xcconfig"; path = "Target Support Files/Pods-ground-list-up/Pods-ground-list-up.release.xcconfig"; sourceTree = "<group>"; };
/* End PBXFileReference section */

/* Begin PBXFrameworksBuildPhase section */
		3AD58695291DB1CA00BD3B31 /* Frameworks */ = {
			isa = PBXFrameworksBuildPhase;
			buildActionMask = 2147483647;
			files = (
				04256810A16AE7307621E8FD /* Pods_ground_list_up.framework in Frameworks */,
			);
			runOnlyForDeploymentPostprocessing = 0;
		};
		3AD586A5291DB1CB00BD3B31 /* Frameworks */ = {
			isa = PBXFrameworksBuildPhase;
			buildActionMask = 2147483647;
			files = (
				C4D96388C118F9F4C7D9BE94 /* Pods_ground_list_upTests.framework in Frameworks */,
			);
			runOnlyForDeploymentPostprocessing = 0;
		};
		3AD586AF291DB1CB00BD3B31 /* Frameworks */ = {
			isa = PBXFrameworksBuildPhase;
			buildActionMask = 2147483647;
			files = (
				4E97FEFA0C01011F8CC5F179 /* Pods_ground_list_up_ground_list_upUITests.framework in Frameworks */,
			);
			runOnlyForDeploymentPostprocessing = 0;
		};
/* End PBXFrameworksBuildPhase section */

/* Begin PBXGroup section */
		3AA7A9DA29663ADA00DD8A41 /* serviceTests */ = {
			isa = PBXGroup;
			children = (
				3AA7A9DC29663B1E00DD8A41 /* y_serviceTests.swift */,
			);
			path = serviceTests;
			sourceTree = "<group>";
		};
		3AACC0F5295BB57E0002C612 /* service */ = {
			isa = PBXGroup;
			children = (
				3AACC0F6295BB5930002C612 /* y_service */,
			);
			path = service;
			sourceTree = "<group>";
		};
		3AACC0F6295BB5930002C612 /* y_service */ = {
			isa = PBXGroup;
			children = (
				3AACC0F9295BB5CC0002C612 /* y_service.swift */,
				3AACC0FD295D24E70002C612 /* service_base.swift */,
			);
			path = y_service;
			sourceTree = "<group>";
		};
		3AACC0F7295BB5A50002C612 /* repository */ = {
			isa = PBXGroup;
			children = (
				3AACC0F8295BB5B40002C612 /* y_repository */,
			);
			path = repository;
			sourceTree = "<group>";
		};
		3AACC0F8295BB5B40002C612 /* y_repository */ = {
			isa = PBXGroup;
			children = (
				3AACC0FB295BB5DB0002C612 /* y_repository.swift */,
				3AACC0FF295D27390002C612 /* repository_base.swift */,
			);
			path = y_repository;
			sourceTree = "<group>";
		};
		3AD5868F291DB1CA00BD3B31 = {
			isa = PBXGroup;
			children = (
				3AD5869A291DB1CA00BD3B31 /* ground-list-up */,
				3AD586AB291DB1CB00BD3B31 /* ground-list-upTests */,
				3AD586B5291DB1CB00BD3B31 /* ground-list-upUITests */,
				3AD58699291DB1CA00BD3B31 /* Products */,
				FFFE364A984E389FE02F9934 /* Pods */,
				FFB886ECE468B83B900572FA /* Frameworks */,
			);
			sourceTree = "<group>";
		};
		3AD58699291DB1CA00BD3B31 /* Products */ = {
			isa = PBXGroup;
			children = (
				3AD58698291DB1CA00BD3B31 /* ground-list-up.app */,
				3AD586A8291DB1CB00BD3B31 /* ground-list-upTests.xctest */,
				3AD586B2291DB1CB00BD3B31 /* ground-list-upUITests.xctest */,
			);
			name = Products;
			sourceTree = "<group>";
		};
		3AD5869A291DB1CA00BD3B31 /* ground-list-up */ = {
			isa = PBXGroup;
			children = (
				3AACC0EA29591C170002C612 /* Info.plist */,
				3AD5869B291DB1CA00BD3B31 /* ground_list_upApp.swift */,
				3AACC0EB295A6B7E0002C612 /* Localizable.strings */,
				3AACC0F7295BB5A50002C612 /* repository */,
				3AACC0F5295BB57E0002C612 /* service */,
				3AACC0F3295A6CF10002C612 /* infoPlist.strings */,
				3AD5869D291DB1CA00BD3B31 /* ContentView.swift */,
				3AA7A9E32970BE3500DD8A41 /* Environment.swift */,
				3AD5869F291DB1CB00BD3B31 /* Assets.xcassets */,
				3AD586A1291DB1CB00BD3B31 /* Preview Content */,
			);
			path = "ground-list-up";
			sourceTree = "<group>";
		};
		3AD586A1291DB1CB00BD3B31 /* Preview Content */ = {
			isa = PBXGroup;
			children = (
				3AD586A2291DB1CB00BD3B31 /* Preview Assets.xcassets */,
			);
			path = "Preview Content";
			sourceTree = "<group>";
		};
		3AD586AB291DB1CB00BD3B31 /* ground-list-upTests */ = {
			isa = PBXGroup;
			children = (
				3AA7A9DA29663ADA00DD8A41 /* serviceTests */,
				3AD586AC291DB1CB00BD3B31 /* ground_list_upTests.swift */,
			);
			path = "ground-list-upTests";
			sourceTree = "<group>";
		};
		3AD586B5291DB1CB00BD3B31 /* ground-list-upUITests */ = {
			isa = PBXGroup;
			children = (
				3AD586B6291DB1CB00BD3B31 /* ground_list_upUITests.swift */,
				3AD586B8291DB1CB00BD3B31 /* ground_list_upUITestsLaunchTests.swift */,
			);
			path = "ground-list-upUITests";
			sourceTree = "<group>";
		};
		FFB886ECE468B83B900572FA /* Frameworks */ = {
			isa = PBXGroup;
			children = (
				772CC8CBB61D774B3F51C334 /* Pods_ground_list_up.framework */,
				28842874F281C9B389E4C83A /* Pods_ground_list_up_ground_list_upUITests.framework */,
				EF117322969421A819673937 /* Pods_ground_list_upTests.framework */,
			);
			name = Frameworks;
			sourceTree = "<group>";
		};
		FFFE364A984E389FE02F9934 /* Pods */ = {
			isa = PBXGroup;
			children = (
				7AAA7439D22311C3988A61AA /* Pods-ground-list-up.debug.xcconfig */,
				F0E91B53F25110A0EEA16E52 /* Pods-ground-list-up.release.xcconfig */,
				A0B823D4667228BFD84FFAFD /* Pods-ground-list-up-ground-list-upUITests.debug.xcconfig */,
				C4778F9356D5D7109DC05783 /* Pods-ground-list-up-ground-list-upUITests.release.xcconfig */,
				A3C092F7FA081717ED4C0995 /* Pods-ground-list-upTests.debug.xcconfig */,
				14E542819A2414C904AF5711 /* Pods-ground-list-upTests.release.xcconfig */,
			);
			path = Pods;
			sourceTree = "<group>";
		};
/* End PBXGroup section */

/* Begin PBXNativeTarget section */
		3AD58697291DB1CA00BD3B31 /* ground-list-up */ = {
			isa = PBXNativeTarget;
			buildConfigurationList = 3AD586BC291DB1CB00BD3B31 /* Build configuration list for PBXNativeTarget "ground-list-up" */;
			buildPhases = (
				8A423DD33FC052FB0BF5B647 /* [CP] Check Pods Manifest.lock */,
				3AA7A9DF296FB71800DD8A41 /* ShellScript */,
				3AD58694291DB1CA00BD3B31 /* Sources */,
				3AD58695291DB1CA00BD3B31 /* Frameworks */,
				3AD58696291DB1CA00BD3B31 /* Resources */,
				D5DFA2A967DF75645E165728 /* [CP] Embed Pods Frameworks */,
			);
			buildRules = (
			);
			dependencies = (
			);
			name = "ground-list-up";
			productName = "ground-list-up";
			productReference = 3AD58698291DB1CA00BD3B31 /* ground-list-up.app */;
			productType = "com.apple.product-type.application";
		};
		3AD586A7291DB1CB00BD3B31 /* ground-list-upTests */ = {
			isa = PBXNativeTarget;
			buildConfigurationList = 3AD586BF291DB1CB00BD3B31 /* Build configuration list for PBXNativeTarget "ground-list-upTests" */;
			buildPhases = (
				2724ED1042F76EC9B0019484 /* [CP] Check Pods Manifest.lock */,
				3AD586A4291DB1CB00BD3B31 /* Sources */,
				3AD586A5291DB1CB00BD3B31 /* Frameworks */,
				3AD586A6291DB1CB00BD3B31 /* Resources */,
			);
			buildRules = (
			);
			dependencies = (
				3AD586AA291DB1CB00BD3B31 /* PBXTargetDependency */,
			);
			name = "ground-list-upTests";
			productName = "ground-list-upTests";
			productReference = 3AD586A8291DB1CB00BD3B31 /* ground-list-upTests.xctest */;
			productType = "com.apple.product-type.bundle.unit-test";
		};
		3AD586B1291DB1CB00BD3B31 /* ground-list-upUITests */ = {
			isa = PBXNativeTarget;
			buildConfigurationList = 3AD586C2291DB1CB00BD3B31 /* Build configuration list for PBXNativeTarget "ground-list-upUITests" */;
			buildPhases = (
				C06B97F067116C3FCD7166BF /* [CP] Check Pods Manifest.lock */,
				3AD586AE291DB1CB00BD3B31 /* Sources */,
				3AD586AF291DB1CB00BD3B31 /* Frameworks */,
				3AD586B0291DB1CB00BD3B31 /* Resources */,
				C86DABE69021FD364EF8337A /* [CP] Embed Pods Frameworks */,
			);
			buildRules = (
			);
			dependencies = (
				3AD586B4291DB1CB00BD3B31 /* PBXTargetDependency */,
			);
			name = "ground-list-upUITests";
			productName = "ground-list-upUITests";
			productReference = 3AD586B2291DB1CB00BD3B31 /* ground-list-upUITests.xctest */;
			productType = "com.apple.product-type.bundle.ui-testing";
		};
/* End PBXNativeTarget section */

/* Begin PBXProject section */
		3AD58690291DB1CA00BD3B31 /* Project object */ = {
			isa = PBXProject;
			attributes = {
				BuildIndependentTargetsInParallel = 1;
				LastSwiftUpdateCheck = 1410;
				LastUpgradeCheck = 1410;
				TargetAttributes = {
					3AD58697291DB1CA00BD3B31 = {
						CreatedOnToolsVersion = 14.1;
					};
					3AD586A7291DB1CB00BD3B31 = {
						CreatedOnToolsVersion = 14.1;
						TestTargetID = 3AD58697291DB1CA00BD3B31;
					};
					3AD586B1291DB1CB00BD3B31 = {
						CreatedOnToolsVersion = 14.1;
						TestTargetID = 3AD58697291DB1CA00BD3B31;
					};
				};
			};
			buildConfigurationList = 3AD58693291DB1CA00BD3B31 /* Build configuration list for PBXProject "ground-list-up" */;
			compatibilityVersion = "Xcode 14.0";
			developmentRegion = en;
			hasScannedForEncodings = 0;
			knownRegions = (
				en,
				ja,
				Base,
			);
			mainGroup = 3AD5868F291DB1CA00BD3B31;
			productRefGroup = 3AD58699291DB1CA00BD3B31 /* Products */;
			projectDirPath = "";
			projectRoot = "";
			targets = (
				3AD58697291DB1CA00BD3B31 /* ground-list-up */,
				3AD586A7291DB1CB00BD3B31 /* ground-list-upTests */,
				3AD586B1291DB1CB00BD3B31 /* ground-list-upUITests */,
			);
		};
/* End PBXProject section */

/* Begin PBXResourcesBuildPhase section */
		3AD58696291DB1CA00BD3B31 /* Resources */ = {
			isa = PBXResourcesBuildPhase;
			buildActionMask = 2147483647;
			files = (
				3AD586A3291DB1CB00BD3B31 /* Preview Assets.xcassets in Resources */,
				3AACC0F1295A6CF10002C612 /* infoPlist.strings in Resources */,
				3AACC0EC295A6B7E0002C612 /* Localizable.strings in Resources */,
				3AD586A0291DB1CB00BD3B31 /* Assets.xcassets in Resources */,
			);
			runOnlyForDeploymentPostprocessing = 0;
		};
		3AD586A6291DB1CB00BD3B31 /* Resources */ = {
			isa = PBXResourcesBuildPhase;
			buildActionMask = 2147483647;
			files = (
			);
			runOnlyForDeploymentPostprocessing = 0;
		};
		3AD586B0291DB1CB00BD3B31 /* Resources */ = {
			isa = PBXResourcesBuildPhase;
			buildActionMask = 2147483647;
			files = (
			);
			runOnlyForDeploymentPostprocessing = 0;
		};
/* End PBXResourcesBuildPhase section */

/* Begin PBXShellScriptBuildPhase section */
		2724ED1042F76EC9B0019484 /* [CP] Check Pods Manifest.lock */ = {
			isa = PBXShellScriptBuildPhase;
			buildActionMask = 2147483647;
			files = (
			);
			inputFileListPaths = (
			);
			inputPaths = (
				"${PODS_PODFILE_DIR_PATH}/Podfile.lock",
				"${PODS_ROOT}/Manifest.lock",
			);
			name = "[CP] Check Pods Manifest.lock";
			outputFileListPaths = (
			);
			outputPaths = (
				"$(DERIVED_FILE_DIR)/Pods-ground-list-upTests-checkManifestLockResult.txt",
			);
			runOnlyForDeploymentPostprocessing = 0;
			shellPath = /bin/sh;
			shellScript = "diff \"${PODS_PODFILE_DIR_PATH}/Podfile.lock\" \"${PODS_ROOT}/Manifest.lock\" > /dev/null\nif [ $? != 0 ] ; then\n    # print error to STDERR\n    echo \"error: The sandbox is not in sync with the Podfile.lock. Run 'pod install' or update your CocoaPods installation.\" >&2\n    exit 1\nfi\n# This output is used by Xcode 'outputs' to avoid re-running this script phase.\necho \"SUCCESS\" > \"${SCRIPT_OUTPUT_FILE_0}\"\n";
			showEnvVarsInLog = 0;
		};
		3AA7A9DF296FB71800DD8A41 /* ShellScript */ = {
			isa = PBXShellScriptBuildPhase;
			buildActionMask = 2147483647;
			files = (
			);
			inputFileListPaths = (
			);
			inputPaths = (
			);
			outputFileListPaths = (
			);
			outputPaths = (
			);
			runOnlyForDeploymentPostprocessing = 0;
			shellPath = /bin/sh;
			shellScript = "# Type a script or drag a script file from your workspace to insert its path.\n\"${SRCROOT}/buildEnv.sh\" \"${SRCROOT}/.env\" \"${SRCROOT}/${PROJECT}\"\n";
		};
		8A423DD33FC052FB0BF5B647 /* [CP] Check Pods Manifest.lock */ = {
			isa = PBXShellScriptBuildPhase;
			buildActionMask = 2147483647;
			files = (
			);
			inputFileListPaths = (
			);
			inputPaths = (
				"${PODS_PODFILE_DIR_PATH}/Podfile.lock",
				"${PODS_ROOT}/Manifest.lock",
			);
			name = "[CP] Check Pods Manifest.lock";
			outputFileListPaths = (
			);
			outputPaths = (
				"$(DERIVED_FILE_DIR)/Pods-ground-list-up-checkManifestLockResult.txt",
			);
			runOnlyForDeploymentPostprocessing = 0;
			shellPath = /bin/sh;
			shellScript = "diff \"${PODS_PODFILE_DIR_PATH}/Podfile.lock\" \"${PODS_ROOT}/Manifest.lock\" > /dev/null\nif [ $? != 0 ] ; then\n    # print error to STDERR\n    echo \"error: The sandbox is not in sync with the Podfile.lock. Run 'pod install' or update your CocoaPods installation.\" >&2\n    exit 1\nfi\n# This output is used by Xcode 'outputs' to avoid re-running this script phase.\necho \"SUCCESS\" > \"${SCRIPT_OUTPUT_FILE_0}\"\n";
			showEnvVarsInLog = 0;
		};
		C06B97F067116C3FCD7166BF /* [CP] Check Pods Manifest.lock */ = {
			isa = PBXShellScriptBuildPhase;
			buildActionMask = 2147483647;
			files = (
			);
			inputFileListPaths = (
			);
			inputPaths = (
				"${PODS_PODFILE_DIR_PATH}/Podfile.lock",
				"${PODS_ROOT}/Manifest.lock",
			);
			name = "[CP] Check Pods Manifest.lock";
			outputFileListPaths = (
			);
			outputPaths = (
				"$(DERIVED_FILE_DIR)/Pods-ground-list-up-ground-list-upUITests-checkManifestLockResult.txt",
			);
			runOnlyForDeploymentPostprocessing = 0;
			shellPath = /bin/sh;
			shellScript = "diff \"${PODS_PODFILE_DIR_PATH}/Podfile.lock\" \"${PODS_ROOT}/Manifest.lock\" > /dev/null\nif [ $? != 0 ] ; then\n    # print error to STDERR\n    echo \"error: The sandbox is not in sync with the Podfile.lock. Run 'pod install' or update your CocoaPods installation.\" >&2\n    exit 1\nfi\n# This output is used by Xcode 'outputs' to avoid re-running this script phase.\necho \"SUCCESS\" > \"${SCRIPT_OUTPUT_FILE_0}\"\n";
			showEnvVarsInLog = 0;
		};
		C86DABE69021FD364EF8337A /* [CP] Embed Pods Frameworks */ = {
			isa = PBXShellScriptBuildPhase;
			buildActionMask = 2147483647;
			files = (
			);
			inputFileListPaths = (
				"${PODS_ROOT}/Target Support Files/Pods-ground-list-up-ground-list-upUITests/Pods-ground-list-up-ground-list-upUITests-frameworks-${CONFIGURATION}-input-files.xcfilelist",
			);
			name = "[CP] Embed Pods Frameworks";
			outputFileListPaths = (
				"${PODS_ROOT}/Target Support Files/Pods-ground-list-up-ground-list-upUITests/Pods-ground-list-up-ground-list-upUITests-frameworks-${CONFIGURATION}-output-files.xcfilelist",
			);
			runOnlyForDeploymentPostprocessing = 0;
			shellPath = /bin/sh;
			shellScript = "\"${PODS_ROOT}/Target Support Files/Pods-ground-list-up-ground-list-upUITests/Pods-ground-list-up-ground-list-upUITests-frameworks.sh\"\n";
			showEnvVarsInLog = 0;
		};
		D5DFA2A967DF75645E165728 /* [CP] Embed Pods Frameworks */ = {
			isa = PBXShellScriptBuildPhase;
			buildActionMask = 2147483647;
			files = (
			);
			inputFileListPaths = (
				"${PODS_ROOT}/Target Support Files/Pods-ground-list-up/Pods-ground-list-up-frameworks-${CONFIGURATION}-input-files.xcfilelist",
			);
			name = "[CP] Embed Pods Frameworks";
			outputFileListPaths = (
				"${PODS_ROOT}/Target Support Files/Pods-ground-list-up/Pods-ground-list-up-frameworks-${CONFIGURATION}-output-files.xcfilelist",
			);
			runOnlyForDeploymentPostprocessing = 0;
			shellPath = /bin/sh;
			shellScript = "\"${PODS_ROOT}/Target Support Files/Pods-ground-list-up/Pods-ground-list-up-frameworks.sh\"\n";
			showEnvVarsInLog = 0;
		};
/* End PBXShellScriptBuildPhase section */

/* Begin PBXSourcesBuildPhase section */
		3AD58694291DB1CA00BD3B31 /* Sources */ = {
			isa = PBXSourcesBuildPhase;
			buildActionMask = 2147483647;
			files = (
				3AACC100295D27390002C612 /* repository_base.swift in Sources */,
				3AACC0FA295BB5CC0002C612 /* y_service.swift in Sources */,
				3AACC0FC295BB5DB0002C612 /* y_repository.swift in Sources */,
				3AD5869E291DB1CA00BD3B31 /* ContentView.swift in Sources */,
				3AD5869C291DB1CA00BD3B31 /* ground_list_upApp.swift in Sources */,
				3AACC0FE295D24E70002C612 /* service_base.swift in Sources */,
				3AA7A9E42970BE3500DD8A41 /* Environment.swift in Sources */,
			);
			runOnlyForDeploymentPostprocessing = 0;
		};
		3AD586A4291DB1CB00BD3B31 /* Sources */ = {
			isa = PBXSourcesBuildPhase;
			buildActionMask = 2147483647;
			files = (
				3AD586AD291DB1CB00BD3B31 /* ground_list_upTests.swift in Sources */,
				3AA7A9DD29663B1E00DD8A41 /* y_serviceTests.swift in Sources */,
			);
			runOnlyForDeploymentPostprocessing = 0;
		};
		3AD586AE291DB1CB00BD3B31 /* Sources */ = {
			isa = PBXSourcesBuildPhase;
			buildActionMask = 2147483647;
			files = (
				3AD586B9291DB1CB00BD3B31 /* ground_list_upUITestsLaunchTests.swift in Sources */,
				3AD586B7291DB1CB00BD3B31 /* ground_list_upUITests.swift in Sources */,
			);
			runOnlyForDeploymentPostprocessing = 0;
		};
/* End PBXSourcesBuildPhase section */

/* Begin PBXTargetDependency section */
		3AD586AA291DB1CB00BD3B31 /* PBXTargetDependency */ = {
			isa = PBXTargetDependency;
			target = 3AD58697291DB1CA00BD3B31 /* ground-list-up */;
			targetProxy = 3AD586A9291DB1CB00BD3B31 /* PBXContainerItemProxy */;
		};
		3AD586B4291DB1CB00BD3B31 /* PBXTargetDependency */ = {
			isa = PBXTargetDependency;
			target = 3AD58697291DB1CA00BD3B31 /* ground-list-up */;
			targetProxy = 3AD586B3291DB1CB00BD3B31 /* PBXContainerItemProxy */;
		};
/* End PBXTargetDependency section */

/* Begin PBXVariantGroup section */
		3AACC0F3295A6CF10002C612 /* infoPlist.strings */ = {
			isa = PBXVariantGroup;
			children = (
				3AACC0F2295A6CF10002C612 /* ja */,
				3AACC0F4295A6D050002C612 /* en */,
			);
			name = infoPlist.strings;
			sourceTree = "<group>";
		};
/* End PBXVariantGroup section */

/* Begin XCBuildConfiguration section */
		3AD586BA291DB1CB00BD3B31 /* Debug */ = {
			isa = XCBuildConfiguration;
			buildSettings = {
				ALWAYS_SEARCH_USER_PATHS = NO;
				CLANG_ANALYZER_NONNULL = YES;
				CLANG_ANALYZER_NUMBER_OBJECT_CONVERSION = YES_AGGRESSIVE;
				CLANG_CXX_LANGUAGE_STANDARD = "gnu++20";
				CLANG_ENABLE_MODULES = YES;
				CLANG_ENABLE_OBJC_ARC = YES;
				CLANG_ENABLE_OBJC_WEAK = YES;
				CLANG_WARN_BLOCK_CAPTURE_AUTORELEASING = YES;
				CLANG_WARN_BOOL_CONVERSION = YES;
				CLANG_WARN_COMMA = YES;
				CLANG_WARN_CONSTANT_CONVERSION = YES;
				CLANG_WARN_DEPRECATED_OBJC_IMPLEMENTATIONS = YES;
				CLANG_WARN_DIRECT_OBJC_ISA_USAGE = YES_ERROR;
				CLANG_WARN_DOCUMENTATION_COMMENTS = YES;
				CLANG_WARN_EMPTY_BODY = YES;
				CLANG_WARN_ENUM_CONVERSION = YES;
				CLANG_WARN_INFINITE_RECURSION = YES;
				CLANG_WARN_INT_CONVERSION = YES;
				CLANG_WARN_NON_LITERAL_NULL_CONVERSION = YES;
				CLANG_WARN_OBJC_IMPLICIT_RETAIN_SELF = YES;
				CLANG_WARN_OBJC_LITERAL_CONVERSION = YES;
				CLANG_WARN_OBJC_ROOT_CLASS = YES_ERROR;
				CLANG_WARN_QUOTED_INCLUDE_IN_FRAMEWORK_HEADER = YES;
				CLANG_WARN_RANGE_LOOP_ANALYSIS = YES;
				CLANG_WARN_STRICT_PROTOTYPES = YES;
				CLANG_WARN_SUSPICIOUS_MOVE = YES;
				CLANG_WARN_UNGUARDED_AVAILABILITY = YES_AGGRESSIVE;
				CLANG_WARN_UNREACHABLE_CODE = YES;
				CLANG_WARN__DUPLICATE_METHOD_MATCH = YES;
				COPY_PHASE_STRIP = NO;
				DEBUG_INFORMATION_FORMAT = dwarf;
				ENABLE_STRICT_OBJC_MSGSEND = YES;
				ENABLE_TESTABILITY = YES;
				GCC_C_LANGUAGE_STANDARD = gnu11;
				GCC_DYNAMIC_NO_PIC = NO;
				GCC_NO_COMMON_BLOCKS = YES;
				GCC_OPTIMIZATION_LEVEL = 0;
				GCC_PREPROCESSOR_DEFINITIONS = (
					"DEBUG=1",
					"$(inherited)",
				);
				GCC_WARN_64_TO_32_BIT_CONVERSION = YES;
				GCC_WARN_ABOUT_RETURN_TYPE = YES_ERROR;
				GCC_WARN_UNDECLARED_SELECTOR = YES;
				GCC_WARN_UNINITIALIZED_AUTOS = YES_AGGRESSIVE;
				GCC_WARN_UNUSED_FUNCTION = YES;
				GCC_WARN_UNUSED_VARIABLE = YES;
				IPHONEOS_DEPLOYMENT_TARGET = 16.1;
				MTL_ENABLE_DEBUG_INFO = INCLUDE_SOURCE;
				MTL_FAST_MATH = YES;
				ONLY_ACTIVE_ARCH = YES;
				SDKROOT = iphoneos;
				SWIFT_ACTIVE_COMPILATION_CONDITIONS = DEBUG;
				SWIFT_OPTIMIZATION_LEVEL = "-Onone";
			};
			name = Debug;
		};
		3AD586BB291DB1CB00BD3B31 /* Release */ = {
			isa = XCBuildConfiguration;
			buildSettings = {
				ALWAYS_SEARCH_USER_PATHS = NO;
				CLANG_ANALYZER_NONNULL = YES;
				CLANG_ANALYZER_NUMBER_OBJECT_CONVERSION = YES_AGGRESSIVE;
				CLANG_CXX_LANGUAGE_STANDARD = "gnu++20";
				CLANG_ENABLE_MODULES = YES;
				CLANG_ENABLE_OBJC_ARC = YES;
				CLANG_ENABLE_OBJC_WEAK = YES;
				CLANG_WARN_BLOCK_CAPTURE_AUTORELEASING = YES;
				CLANG_WARN_BOOL_CONVERSION = YES;
				CLANG_WARN_COMMA = YES;
				CLANG_WARN_CONSTANT_CONVERSION = YES;
				CLANG_WARN_DEPRECATED_OBJC_IMPLEMENTATIONS = YES;
				CLANG_WARN_DIRECT_OBJC_ISA_USAGE = YES_ERROR;
				CLANG_WARN_DOCUMENTATION_COMMENTS = YES;
				CLANG_WARN_EMPTY_BODY = YES;
				CLANG_WARN_ENUM_CONVERSION = YES;
				CLANG_WARN_INFINITE_RECURSION = YES;
				CLANG_WARN_INT_CONVERSION = YES;
				CLANG_WARN_NON_LITERAL_NULL_CONVERSION = YES;
				CLANG_WARN_OBJC_IMPLICIT_RETAIN_SELF = YES;
				CLANG_WARN_OBJC_LITERAL_CONVERSION = YES;
				CLANG_WARN_OBJC_ROOT_CLASS = YES_ERROR;
				CLANG_WARN_QUOTED_INCLUDE_IN_FRAMEWORK_HEADER = YES;
				CLANG_WARN_RANGE_LOOP_ANALYSIS = YES;
				CLANG_WARN_STRICT_PROTOTYPES = YES;
				CLANG_WARN_SUSPICIOUS_MOVE = YES;
				CLANG_WARN_UNGUARDED_AVAILABILITY = YES_AGGRESSIVE;
				CLANG_WARN_UNREACHABLE_CODE = YES;
				CLANG_WARN__DUPLICATE_METHOD_MATCH = YES;
				COPY_PHASE_STRIP = NO;
				DEBUG_INFORMATION_FORMAT = "dwarf-with-dsym";
				ENABLE_NS_ASSERTIONS = NO;
				ENABLE_STRICT_OBJC_MSGSEND = YES;
				GCC_C_LANGUAGE_STANDARD = gnu11;
				GCC_NO_COMMON_BLOCKS = YES;
				GCC_WARN_64_TO_32_BIT_CONVERSION = YES;
				GCC_WARN_ABOUT_RETURN_TYPE = YES_ERROR;
				GCC_WARN_UNDECLARED_SELECTOR = YES;
				GCC_WARN_UNINITIALIZED_AUTOS = YES_AGGRESSIVE;
				GCC_WARN_UNUSED_FUNCTION = YES;
				GCC_WARN_UNUSED_VARIABLE = YES;
				IPHONEOS_DEPLOYMENT_TARGET = 16.1;
				MTL_ENABLE_DEBUG_INFO = NO;
				MTL_FAST_MATH = YES;
				SDKROOT = iphoneos;
				SWIFT_COMPILATION_MODE = wholemodule;
				SWIFT_OPTIMIZATION_LEVEL = "-O";
				VALIDATE_PRODUCT = YES;
			};
			name = Release;
		};
		3AD586BD291DB1CB00BD3B31 /* Debug */ = {
			isa = XCBuildConfiguration;
			baseConfigurationReference = 7AAA7439D22311C3988A61AA /* Pods-ground-list-up.debug.xcconfig */;
			buildSettings = {
				ASSETCATALOG_COMPILER_APPICON_NAME = AppIcon;
				ASSETCATALOG_COMPILER_GLOBAL_ACCENT_COLOR_NAME = AccentColor;
				CODE_SIGN_STYLE = Automatic;
				CURRENT_PROJECT_VERSION = 1;
				DEVELOPMENT_ASSET_PATHS = "\"ground-list-up/Preview Content\"";
				DEVELOPMENT_TEAM = 2H76HFF569;
				ENABLE_PREVIEWS = YES;
				GENERATE_INFOPLIST_FILE = YES;
				INFOPLIST_FILE = "ground-list-up/Info.plist";
				INFOPLIST_KEY_NSContactsUsageDescription = "写真を撮影するためにカメラを使用します。";
				INFOPLIST_KEY_NSPhotoLibraryAddUsageDescription = "写真保存します。";
				INFOPLIST_KEY_NSPhotoLibraryUsageDescription = "撮影した写真を保存するために写真ライブラリを使用します。";
				INFOPLIST_KEY_UIApplicationSceneManifest_Generation = YES;
				INFOPLIST_KEY_UIApplicationSupportsIndirectInputEvents = YES;
				INFOPLIST_KEY_UISupportedInterfaceOrientations_iPad = "UIInterfaceOrientationPortrait UIInterfaceOrientationPortraitUpsideDown UIInterfaceOrientationLandscapeLeft UIInterfaceOrientationLandscapeRight";
				INFOPLIST_KEY_UISupportedInterfaceOrientations_iPhone = "UIInterfaceOrientationPortrait UIInterfaceOrientationLandscapeLeft UIInterfaceOrientationLandscapeRight";
				LD_RUNPATH_SEARCH_PATHS = (
					"$(inherited)",
					"@executable_path/Frameworks",
				);
				MARKETING_VERSION = 1.0;
				PRODUCT_BUNDLE_IDENTIFIER = "BULL.ground-list-up";
				PRODUCT_NAME = "$(TARGET_NAME)";
				SWIFT_EMIT_LOC_STRINGS = YES;
				SWIFT_VERSION = 5.0;
				TARGETED_DEVICE_FAMILY = "1,2";
			};
			name = Debug;
		};
		3AD586BE291DB1CB00BD3B31 /* Release */ = {
			isa = XCBuildConfiguration;
			baseConfigurationReference = F0E91B53F25110A0EEA16E52 /* Pods-ground-list-up.release.xcconfig */;
			buildSettings = {
				ASSETCATALOG_COMPILER_APPICON_NAME = AppIcon;
				ASSETCATALOG_COMPILER_GLOBAL_ACCENT_COLOR_NAME = AccentColor;
				CODE_SIGN_STYLE = Automatic;
				CURRENT_PROJECT_VERSION = 1;
				DEVELOPMENT_ASSET_PATHS = "\"ground-list-up/Preview Content\"";
				DEVELOPMENT_TEAM = 2H76HFF569;
				ENABLE_PREVIEWS = YES;
				GENERATE_INFOPLIST_FILE = YES;
				INFOPLIST_FILE = "ground-list-up/Info.plist";
				INFOPLIST_KEY_NSContactsUsageDescription = "写真を撮影するためにカメラを使用します。";
				INFOPLIST_KEY_NSPhotoLibraryAddUsageDescription = "写真保存します。";
				INFOPLIST_KEY_NSPhotoLibraryUsageDescription = "撮影した写真を保存するために写真ライブラリを使用します。";
				INFOPLIST_KEY_UIApplicationSceneManifest_Generation = YES;
				INFOPLIST_KEY_UIApplicationSupportsIndirectInputEvents = YES;
				INFOPLIST_KEY_UISupportedInterfaceOrientations_iPad = "UIInterfaceOrientationPortrait UIInterfaceOrientationPortraitUpsideDown UIInterfaceOrientationLandscapeLeft UIInterfaceOrientationLandscapeRight";
				INFOPLIST_KEY_UISupportedInterfaceOrientations_iPhone = "UIInterfaceOrientationPortrait UIInterfaceOrientationLandscapeLeft UIInterfaceOrientationLandscapeRight";
				LD_RUNPATH_SEARCH_PATHS = (
					"$(inherited)",
					"@executable_path/Frameworks",
				);
				MARKETING_VERSION = 1.0;
				PRODUCT_BUNDLE_IDENTIFIER = "BULL.ground-list-up";
				PRODUCT_NAME = "$(TARGET_NAME)";
				SWIFT_EMIT_LOC_STRINGS = YES;
				SWIFT_VERSION = 5.0;
				TARGETED_DEVICE_FAMILY = "1,2";
			};
			name = Release;
		};
		3AD586C0291DB1CB00BD3B31 /* Debug */ = {
			isa = XCBuildConfiguration;
			baseConfigurationReference = A3C092F7FA081717ED4C0995 /* Pods-ground-list-upTests.debug.xcconfig */;
			buildSettings = {
				ALWAYS_EMBED_SWIFT_STANDARD_LIBRARIES = YES;
				BUNDLE_LOADER = "$(TEST_HOST)";
				CODE_SIGN_STYLE = Automatic;
				CURRENT_PROJECT_VERSION = 1;
				DEVELOPMENT_TEAM = 2H76HFF569;
				GENERATE_INFOPLIST_FILE = YES;
				IPHONEOS_DEPLOYMENT_TARGET = 16.1;
				MARKETING_VERSION = 1.0;
				PRODUCT_BUNDLE_IDENTIFIER = "BULL.ground-list-upTests";
				PRODUCT_NAME = "$(TARGET_NAME)";
				SWIFT_EMIT_LOC_STRINGS = NO;
				SWIFT_VERSION = 5.0;
				TARGETED_DEVICE_FAMILY = "1,2";
				TEST_HOST = "$(BUILT_PRODUCTS_DIR)/ground-list-up.app/$(BUNDLE_EXECUTABLE_FOLDER_PATH)/ground-list-up";
			};
			name = Debug;
		};
		3AD586C1291DB1CB00BD3B31 /* Release */ = {
			isa = XCBuildConfiguration;
			baseConfigurationReference = 14E542819A2414C904AF5711 /* Pods-ground-list-upTests.release.xcconfig */;
			buildSettings = {
				ALWAYS_EMBED_SWIFT_STANDARD_LIBRARIES = YES;
				BUNDLE_LOADER = "$(TEST_HOST)";
				CODE_SIGN_STYLE = Automatic;
				CURRENT_PROJECT_VERSION = 1;
				DEVELOPMENT_TEAM = 2H76HFF569;
				GENERATE_INFOPLIST_FILE = YES;
				IPHONEOS_DEPLOYMENT_TARGET = 16.1;
				MARKETING_VERSION = 1.0;
				PRODUCT_BUNDLE_IDENTIFIER = "BULL.ground-list-upTests";
				PRODUCT_NAME = "$(TARGET_NAME)";
				SWIFT_EMIT_LOC_STRINGS = NO;
				SWIFT_VERSION = 5.0;
				TARGETED_DEVICE_FAMILY = "1,2";
				TEST_HOST = "$(BUILT_PRODUCTS_DIR)/ground-list-up.app/$(BUNDLE_EXECUTABLE_FOLDER_PATH)/ground-list-up";
			};
			name = Release;
		};
		3AD586C3291DB1CB00BD3B31 /* Debug */ = {
			isa = XCBuildConfiguration;
			baseConfigurationReference = A0B823D4667228BFD84FFAFD /* Pods-ground-list-up-ground-list-upUITests.debug.xcconfig */;
			buildSettings = {
				ALWAYS_EMBED_SWIFT_STANDARD_LIBRARIES = YES;
				CODE_SIGN_STYLE = Automatic;
				CURRENT_PROJECT_VERSION = 1;
				DEVELOPMENT_TEAM = 2H76HFF569;
				GENERATE_INFOPLIST_FILE = YES;
				MARKETING_VERSION = 1.0;
				PRODUCT_BUNDLE_IDENTIFIER = "BULL.ground-list-upUITests";
				PRODUCT_NAME = "$(TARGET_NAME)";
				SWIFT_EMIT_LOC_STRINGS = NO;
				SWIFT_VERSION = 5.0;
				TARGETED_DEVICE_FAMILY = "1,2";
				TEST_TARGET_NAME = "ground-list-up";
			};
			name = Debug;
		};
		3AD586C4291DB1CB00BD3B31 /* Release */ = {
			isa = XCBuildConfiguration;
			baseConfigurationReference = C4778F9356D5D7109DC05783 /* Pods-ground-list-up-ground-list-upUITests.release.xcconfig */;
			buildSettings = {
				ALWAYS_EMBED_SWIFT_STANDARD_LIBRARIES = YES;
				CODE_SIGN_STYLE = Automatic;
				CURRENT_PROJECT_VERSION = 1;
				DEVELOPMENT_TEAM = 2H76HFF569;
				GENERATE_INFOPLIST_FILE = YES;
				MARKETING_VERSION = 1.0;
				PRODUCT_BUNDLE_IDENTIFIER = "BULL.ground-list-upUITests";
				PRODUCT_NAME = "$(TARGET_NAME)";
				SWIFT_EMIT_LOC_STRINGS = NO;
				SWIFT_VERSION = 5.0;
				TARGETED_DEVICE_FAMILY = "1,2";
				TEST_TARGET_NAME = "ground-list-up";
			};
			name = Release;
		};
/* End XCBuildConfiguration section */

/* Begin XCConfigurationList section */
		3AD58693291DB1CA00BD3B31 /* Build configuration list for PBXProject "ground-list-up" */ = {
			isa = XCConfigurationList;
			buildConfigurations = (
				3AD586BA291DB1CB00BD3B31 /* Debug */,
				3AD586BB291DB1CB00BD3B31 /* Release */,
			);
			defaultConfigurationIsVisible = 0;
			defaultConfigurationName = Debug;
		};
		3AD586BC291DB1CB00BD3B31 /* Build configuration list for PBXNativeTarget "ground-list-up" */ = {
			isa = XCConfigurationList;
			buildConfigurations = (
				3AD586BD291DB1CB00BD3B31 /* Debug */,
				3AD586BE291DB1CB00BD3B31 /* Release */,
			);
			defaultConfigurationIsVisible = 0;
			defaultConfigurationName = Debug;
		};
		3AD586BF291DB1CB00BD3B31 /* Build configuration list for PBXNativeTarget "ground-list-upTests" */ = {
			isa = XCConfigurationList;
			buildConfigurations = (
				3AD586C0291DB1CB00BD3B31 /* Debug */,
				3AD586C1291DB1CB00BD3B31 /* Release */,
			);
			defaultConfigurationIsVisible = 0;
			defaultConfigurationName = Debug;
		};
		3AD586C2291DB1CB00BD3B31 /* Build configuration list for PBXNativeTarget "ground-list-upUITests" */ = {
			isa = XCConfigurationList;
			buildConfigurations = (
				3AD586C3291DB1CB00BD3B31 /* Debug */,
				3AD586C4291DB1CB00BD3B31 /* Release */,
			);
			defaultConfigurationIsVisible = 0;
			defaultConfigurationName = Debug;
		};
/* End XCConfigurationList section */
	};
	rootObject = 3AD58690291DB1CA00BD3B31 /* Project object */;
}
