// !$*UTF8*$!
{
	archiveVersion = 1;
	classes = {
	};
	objectVersion = 56;
	objects = {

/* Begin PBXBuildFile section */
		3AACC0E4295648900002C612 /* ImagePicker.swift in Sources */ = {isa = PBXBuildFile; fileRef = 3AACC0E3295648900002C612 /* ImagePicker.swift */; };
		3AD5869C291DB1CA00BD3B31 /* ground_list_upApp.swift in Sources */ = {isa = PBXBuildFile; fileRef = 3AD5869B291DB1CA00BD3B31 /* ground_list_upApp.swift */; };
		3AD5869E291DB1CA00BD3B31 /* ContentView.swift in Sources */ = {isa = PBXBuildFile; fileRef = 3AD5869D291DB1CA00BD3B31 /* ContentView.swift */; };
		3AD586A0291DB1CB00BD3B31 /* Assets.xcassets in Resources */ = {isa = PBXBuildFile; fileRef = 3AD5869F291DB1CB00BD3B31 /* Assets.xcassets */; };
		3AD586A3291DB1CB00BD3B31 /* Preview Assets.xcassets in Resources */ = {isa = PBXBuildFile; fileRef = 3AD586A2291DB1CB00BD3B31 /* Preview Assets.xcassets */; };
		3AD586AD291DB1CB00BD3B31 /* ground_list_upTests.swift in Sources */ = {isa = PBXBuildFile; fileRef = 3AD586AC291DB1CB00BD3B31 /* ground_list_upTests.swift */; };
		3AD586B7291DB1CB00BD3B31 /* ground_list_upUITests.swift in Sources */ = {isa = PBXBuildFile; fileRef = 3AD586B6291DB1CB00BD3B31 /* ground_list_upUITests.swift */; };
		3AD586B9291DB1CB00BD3B31 /* ground_list_upUITestsLaunchTests.swift in Sources */ = {isa = PBXBuildFile; fileRef = 3AD586B8291DB1CB00BD3B31 /* ground_list_upUITestsLaunchTests.swift */; };
/* End PBXBuildFile section */

/* Begin PBXContainerItemProxy section */
		3AD586A9291DB1CB00BD3B31 /* PBXContainerItemProxy */ = {
			isa = PBXContainerItemProxy;
			containerPortal = 3AD58690291DB1CA00BD3B31 /* Project object */;
			proxyType = 1;
			remoteGlobalIDString = 3AD58697291DB1CA00BD3B31;
			remoteInfo = "ground-list-up";
		};
		3AD586B3291DB1CB00BD3B31 /* PBXContainerItemProxy */ = {
			isa = PBXContainerItemProxy;
			containerPortal = 3AD58690291DB1CA00BD3B31 /* Project object */;
			proxyType = 1;
			remoteGlobalIDString = 3AD58697291DB1CA00BD3B31;
			remoteInfo = "ground-list-up";
		};
/* End PBXContainerItemProxy section */

/* Begin PBXFileReference section */
		3AACC0E3295648900002C612 /* ImagePicker.swift */ = {isa = PBXFileReference; lastKnownFileType = sourcecode.swift; path = ImagePicker.swift; sourceTree = "<group>"; };
		3AD58698291DB1CA00BD3B31 /* ground-list-up.app */ = {isa = PBXFileReference; explicitFileType = wrapper.application; includeInIndex = 0; path = "ground-list-up.app"; sourceTree = BUILT_PRODUCTS_DIR; };
		3AD5869B291DB1CA00BD3B31 /* ground_list_upApp.swift */ = {isa = PBXFileReference; lastKnownFileType = sourcecode.swift; path = ground_list_upApp.swift; sourceTree = "<group>"; };
		3AD5869D291DB1CA00BD3B31 /* ContentView.swift */ = {isa = PBXFileReference; lastKnownFileType = sourcecode.swift; path = ContentView.swift; sourceTree = "<group>"; };
		3AD5869F291DB1CB00BD3B31 /* Assets.xcassets */ = {isa = PBXFileReference; lastKnownFileType = folder.assetcatalog; path = Assets.xcassets; sourceTree = "<group>"; };
		3AD586A2291DB1CB00BD3B31 /* Preview Assets.xcassets */ = {isa = PBXFileReference; lastKnownFileType = folder.assetcatalog; path = "Preview Assets.xcassets"; sourceTree = "<group>"; };
		3AD586A8291DB1CB00BD3B31 /* ground-list-upTests.xctest */ = {isa = PBXFileReference; explicitFileType = wrapper.cfbundle; includeInIndex = 0; path = "ground-list-upTests.xctest"; sourceTree = BUILT_PRODUCTS_DIR; };
		3AD586AC291DB1CB00BD3B31 /* ground_list_upTests.swift */ = {isa = PBXFileReference; lastKnownFileType = sourcecode.swift; path = ground_list_upTests.swift; sourceTree = "<group>"; };
		3AD586B2291DB1CB00BD3B31 /* ground-list-upUITests.xctest */ = {isa = PBXFileReference; explicitFileType = wrapper.cfbundle; includeInIndex = 0; path = "ground-list-upUITests.xctest"; sourceTree = BUILT_PRODUCTS_DIR; };
		3AD586B6291DB1CB00BD3B31 /* ground_list_upUITests.swift */ = {isa = PBXFileReference; lastKnownFileType = sourcecode.swift; path = ground_list_upUITests.swift; sourceTree = "<group>"; };
		3AD586B8291DB1CB00BD3B31 /* ground_list_upUITestsLaunchTests.swift */ = {isa = PBXFileReference; lastKnownFileType = sourcecode.swift; path = ground_list_upUITestsLaunchTests.swift; sourceTree = "<group>"; };
/* End PBXFileReference section */

/* Begin PBXFrameworksBuildPhase section */
		3AD58695291DB1CA00BD3B31 /* Frameworks */ = {
			isa = PBXFrameworksBuildPhase;
			buildActionMask = 2147483647;
			files = (
			);
			runOnlyForDeploymentPostprocessing = 0;
		};
		3AD586A5291DB1CB00BD3B31 /* Frameworks */ = {
			isa = PBXFrameworksBuildPhase;
			buildActionMask = 2147483647;
			files = (
			);
			runOnlyForDeploymentPostprocessing = 0;
		};
		3AD586AF291DB1CB00BD3B31 /* Frameworks */ = {
			isa = PBXFrameworksBuildPhase;
			buildActionMask = 2147483647;
			files = (
			);
			runOnlyForDeploymentPostprocessing = 0;
		};
/* End PBXFrameworksBuildPhase section */

/* Begin PBXGroup section */
		3AD5868F291DB1CA00BD3B31 = {
			isa = PBXGroup;
			children = (
				3AD5869A291DB1CA00BD3B31 /* ground-list-up */,
				3AD586AB291DB1CB00BD3B31 /* ground-list-upTests */,
				3AD586B5291DB1CB00BD3B31 /* ground-list-upUITests */,
				3AD58699291DB1CA00BD3B31 /* Products */,
			);
			sourceTree = "<group>";
		};
		3AD58699291DB1CA00BD3B31 /* Products */ = {
			isa = PBXGroup;
			children = (
				3AD58698291DB1CA00BD3B31 /* ground-list-up.app */,
				3AD586A8291DB1CB00BD3B31 /* ground-list-upTests.xctest */,
				3AD586B2291DB1CB00BD3B31 /* ground-list-upUITests.xctest */,
			);
			name = Products;
			sourceTree = "<group>";
		};
		3AD5869A291DB1CA00BD3B31 /* ground-list-up */ = {
			isa = PBXGroup;
			children = (
				3AD5869B291DB1CA00BD3B31 /* ground_list_upApp.swift */,
				3AD5869D291DB1CA00BD3B31 /* ContentView.swift */,
				3AACC0E3295648900002C612 /* ImagePicker.swift */,
				3AD5869F291DB1CB00BD3B31 /* Assets.xcassets */,
				3AD586A1291DB1CB00BD3B31 /* Preview Content */,
			);
			path = "ground-list-up";
			sourceTree = "<group>";
		};
		3AD586A1291DB1CB00BD3B31 /* Preview Content */ = {
			isa = PBXGroup;
			children = (
				3AD586A2291DB1CB00BD3B31 /* Preview Assets.xcassets */,
			);
			path = "Preview Content";
			sourceTree = "<group>";
		};
		3AD586AB291DB1CB00BD3B31 /* ground-list-upTests */ = {
			isa = PBXGroup;
			children = (
				3AD586AC291DB1CB00BD3B31 /* ground_list_upTests.swift */,
			);
			path = "ground-list-upTests";
			sourceTree = "<group>";
		};
		3AD586B5291DB1CB00BD3B31 /* ground-list-upUITests */ = {
			isa = PBXGroup;
			children = (
				3AD586B6291DB1CB00BD3B31 /* ground_list_upUITests.swift */,
				3AD586B8291DB1CB00BD3B31 /* ground_list_upUITestsLaunchTests.swift */,
			);
			path = "ground-list-upUITests";
			sourceTree = "<group>";
		};
/* End PBXGroup section */

/* Begin PBXNativeTarget section */
		3AD58697291DB1CA00BD3B31 /* ground-list-up */ = {
			isa = PBXNativeTarget;
			buildConfigurationList = 3AD586BC291DB1CB00BD3B31 /* Build configuration list for PBXNativeTarget "ground-list-up" */;
			buildPhases = (
				3AD58694291DB1CA00BD3B31 /* Sources */,
				3AD58695291DB1CA00BD3B31 /* Frameworks */,
				3AD58696291DB1CA00BD3B31 /* Resources */,
			);
			buildRules = (
			);
			dependencies = (
			);
			name = "ground-list-up";
			productName = "ground-list-up";
			productReference = 3AD58698291DB1CA00BD3B31 /* ground-list-up.app */;
			productType = "com.apple.product-type.application";
		};
		3AD586A7291DB1CB00BD3B31 /* ground-list-upTests */ = {
			isa = PBXNativeTarget;
			buildConfigurationList = 3AD586BF291DB1CB00BD3B31 /* Build configuration list for PBXNativeTarget "ground-list-upTests" */;
			buildPhases = (
				3AD586A4291DB1CB00BD3B31 /* Sources */,
				3AD586A5291DB1CB00BD3B31 /* Frameworks */,
				3AD586A6291DB1CB00BD3B31 /* Resources */,
			);
			buildRules = (
			);
			dependencies = (
				3AD586AA291DB1CB00BD3B31 /* PBXTargetDependency */,
			);
			name = "ground-list-upTests";
			productName = "ground-list-upTests";
			productReference = 3AD586A8291DB1CB00BD3B31 /* ground-list-upTests.xctest */;
			productType = "com.apple.product-type.bundle.unit-test";
		};
		3AD586B1291DB1CB00BD3B31 /* ground-list-upUITests */ = {
			isa = PBXNativeTarget;
			buildConfigurationList = 3AD586C2291DB1CB00BD3B31 /* Build configuration list for PBXNativeTarget "ground-list-upUITests" */;
			buildPhases = (
				3AD586AE291DB1CB00BD3B31 /* Sources */,
				3AD586AF291DB1CB00BD3B31 /* Frameworks */,
				3AD586B0291DB1CB00BD3B31 /* Resources */,
			);
			buildRules = (
			);
			dependencies = (
				3AD586B4291DB1CB00BD3B31 /* PBXTargetDependency */,
			);
			name = "ground-list-upUITests";
			productName = "ground-list-upUITests";
			productReference = 3AD586B2291DB1CB00BD3B31 /* ground-list-upUITests.xctest */;
			productType = "com.apple.product-type.bundle.ui-testing";
		};
/* End PBXNativeTarget section */

/* Begin PBXProject section */
		3AD58690291DB1CA00BD3B31 /* Project object */ = {
			isa = PBXProject;
			attributes = {
				BuildIndependentTargetsInParallel = 1;
				LastSwiftUpdateCheck = 1410;
				LastUpgradeCheck = 1410;
				TargetAttributes = {
					3AD58697291DB1CA00BD3B31 = {
						CreatedOnToolsVersion = 14.1;
					};
					3AD586A7291DB1CB00BD3B31 = {
						CreatedOnToolsVersion = 14.1;
						TestTargetID = 3AD58697291DB1CA00BD3B31;
					};
					3AD586B1291DB1CB00BD3B31 = {
						CreatedOnToolsVersion = 14.1;
						TestTargetID = 3AD58697291DB1CA00BD3B31;
					};
				};
			};
			buildConfigurationList = 3AD58693291DB1CA00BD3B31 /* Build configuration list for PBXProject "ground-list-up" */;
			compatibilityVersion = "Xcode 14.0";
			developmentRegion = en;
			hasScannedForEncodings = 0;
			knownRegions = (
				en,
				Base,
			);
			mainGroup = 3AD5868F291DB1CA00BD3B31;
			productRefGroup = 3AD58699291DB1CA00BD3B31 /* Products */;
			projectDirPath = "";
			projectRoot = "";
			targets = (
				3AD58697291DB1CA00BD3B31 /* ground-list-up */,
				3AD586A7291DB1CB00BD3B31 /* ground-list-upTests */,
				3AD586B1291DB1CB00BD3B31 /* ground-list-upUITests */,
			);
		};
/* End PBXProject section */

/* Begin PBXResourcesBuildPhase section */
		3AD58696291DB1CA00BD3B31 /* Resources */ = {
			isa = PBXResourcesBuildPhase;
			buildActionMask = 2147483647;
			files = (
				3AD586A3291DB1CB00BD3B31 /* Preview Assets.xcassets in Resources */,
				3AD586A0291DB1CB00BD3B31 /* Assets.xcassets in Resources */,
			);
			runOnlyForDeploymentPostprocessing = 0;
		};
		3AD586A6291DB1CB00BD3B31 /* Resources */ = {
			isa = PBXResourcesBuildPhase;
			buildActionMask = 2147483647;
			files = (
			);
			runOnlyForDeploymentPostprocessing = 0;
		};
		3AD586B0291DB1CB00BD3B31 /* Resources */ = {
			isa = PBXResourcesBuildPhase;
			buildActionMask = 2147483647;
			files = (
			);
			runOnlyForDeploymentPostprocessing = 0;
		};
/* End PBXResourcesBuildPhase section */

/* Begin PBXSourcesBuildPhase section */
		3AD58694291DB1CA00BD3B31 /* Sources */ = {
			isa = PBXSourcesBuildPhase;
			buildActionMask = 2147483647;
			files = (
				3AACC0E4295648900002C612 /* ImagePicker.swift in Sources */,
				3AD5869E291DB1CA00BD3B31 /* ContentView.swift in Sources */,
				3AD5869C291DB1CA00BD3B31 /* ground_list_upApp.swift in Sources */,
			);
			runOnlyForDeploymentPostprocessing = 0;
		};
		3AD586A4291DB1CB00BD3B31 /* Sources */ = {
			isa = PBXSourcesBuildPhase;
			buildActionMask = 2147483647;
			files = (
				3AD586AD291DB1CB00BD3B31 /* ground_list_upTests.swift in Sources */,
			);
			runOnlyForDeploymentPostprocessing = 0;
		};
		3AD586AE291DB1CB00BD3B31 /* Sources */ = {
			isa = PBXSourcesBuildPhase;
			buildActionMask = 2147483647;
			files = (
				3AD586B9291DB1CB00BD3B31 /* ground_list_upUITestsLaunchTests.swift in Sources */,
				3AD586B7291DB1CB00BD3B31 /* ground_list_upUITests.swift in Sources */,
			);
			runOnlyForDeploymentPostprocessing = 0;
		};
/* End PBXSourcesBuildPhase section */

/* Begin PBXTargetDependency section */
		3AD586AA291DB1CB00BD3B31 /* PBXTargetDependency */ = {
			isa = PBXTargetDependency;
			target = 3AD58697291DB1CA00BD3B31 /* ground-list-up */;
			targetProxy = 3AD586A9291DB1CB00BD3B31 /* PBXContainerItemProxy */;
		};
		3AD586B4291DB1CB00BD3B31 /* PBXTargetDependency */ = {
			isa = PBXTargetDependency;
			target = 3AD58697291DB1CA00BD3B31 /* ground-list-up */;
			targetProxy = 3AD586B3291DB1CB00BD3B31 /* PBXContainerItemProxy */;
		};
/* End PBXTargetDependency section */

/* Begin XCBuildConfiguration section */
		3AD586BA291DB1CB00BD3B31 /* Debug */ = {
			isa = XCBuildConfiguration;
			buildSettings = {
				ALWAYS_SEARCH_USER_PATHS = NO;
				CLANG_ANALYZER_NONNULL = YES;
				CLANG_ANALYZER_NUMBER_OBJECT_CONVERSION = YES_AGGRESSIVE;
				CLANG_CXX_LANGUAGE_STANDARD = "gnu++20";
				CLANG_ENABLE_MODULES = YES;
				CLANG_ENABLE_OBJC_ARC = YES;
				CLANG_ENABLE_OBJC_WEAK = YES;
				CLANG_WARN_BLOCK_CAPTURE_AUTORELEASING = YES;
				CLANG_WARN_BOOL_CONVERSION = YES;
				CLANG_WARN_COMMA = YES;
				CLANG_WARN_CONSTANT_CONVERSION = YES;
				CLANG_WARN_DEPRECATED_OBJC_IMPLEMENTATIONS = YES;
				CLANG_WARN_DIRECT_OBJC_ISA_USAGE = YES_ERROR;
				CLANG_WARN_DOCUMENTATION_COMMENTS = YES;
				CLANG_WARN_EMPTY_BODY = YES;
				CLANG_WARN_ENUM_CONVERSION = YES;
				CLANG_WARN_INFINITE_RECURSION = YES;
				CLANG_WARN_INT_CONVERSION = YES;
				CLANG_WARN_NON_LITERAL_NULL_CONVERSION = YES;
				CLANG_WARN_OBJC_IMPLICIT_RETAIN_SELF = YES;
				CLANG_WARN_OBJC_LITERAL_CONVERSION = YES;
				CLANG_WARN_OBJC_ROOT_CLASS = YES_ERROR;
				CLANG_WARN_QUOTED_INCLUDE_IN_FRAMEWORK_HEADER = YES;
				CLANG_WARN_RANGE_LOOP_ANALYSIS = YES;
				CLANG_WARN_STRICT_PROTOTYPES = YES;
				CLANG_WARN_SUSPICIOUS_MOVE = YES;
				CLANG_WARN_UNGUARDED_AVAILABILITY = YES_AGGRESSIVE;
				CLANG_WARN_UNREACHABLE_CODE = YES;
				CLANG_WARN__DUPLICATE_METHOD_MATCH = YES;
				COPY_PHASE_STRIP = NO;
				DEBUG_INFORMATION_FORMAT = dwarf;
				ENABLE_STRICT_OBJC_MSGSEND = YES;
				ENABLE_TESTABILITY = YES;
				GCC_C_LANGUAGE_STANDARD = gnu11;
				GCC_DYNAMIC_NO_PIC = NO;
				GCC_NO_COMMON_BLOCKS = YES;
				GCC_OPTIMIZATION_LEVEL = 0;
				GCC_PREPROCESSOR_DEFINITIONS = (
					"DEBUG=1",
					"$(inherited)",
				);
				GCC_WARN_64_TO_32_BIT_CONVERSION = YES;
				GCC_WARN_ABOUT_RETURN_TYPE = YES_ERROR;
				GCC_WARN_UNDECLARED_SELECTOR = YES;
				GCC_WARN_UNINITIALIZED_AUTOS = YES_AGGRESSIVE;
				GCC_WARN_UNUSED_FUNCTION = YES;
				GCC_WARN_UNUSED_VARIABLE = YES;
				IPHONEOS_DEPLOYMENT_TARGET = 16.1;
				MTL_ENABLE_DEBUG_INFO = INCLUDE_SOURCE;
				MTL_FAST_MATH = YES;
				ONLY_ACTIVE_ARCH = YES;
				SDKROOT = iphoneos;
				SWIFT_ACTIVE_COMPILATION_CONDITIONS = DEBUG;
				SWIFT_OPTIMIZATION_LEVEL = "-Onone";
			};
			name = Debug;
		};
		3AD586BB291DB1CB00BD3B31 /* Release */ = {
			isa = XCBuildConfiguration;
			buildSettings = {
				ALWAYS_SEARCH_USER_PATHS = NO;
				CLANG_ANALYZER_NONNULL = YES;
				CLANG_ANALYZER_NUMBER_OBJECT_CONVERSION = YES_AGGRESSIVE;
				CLANG_CXX_LANGUAGE_STANDARD = "gnu++20";
				CLANG_ENABLE_MODULES = YES;
				CLANG_ENABLE_OBJC_ARC = YES;
				CLANG_ENABLE_OBJC_WEAK = YES;
				CLANG_WARN_BLOCK_CAPTURE_AUTORELEASING = YES;
				CLANG_WARN_BOOL_CONVERSION = YES;
				CLANG_WARN_COMMA = YES;
				CLANG_WARN_CONSTANT_CONVERSION = YES;
				CLANG_WARN_DEPRECATED_OBJC_IMPLEMENTATIONS = YES;
				CLANG_WARN_DIRECT_OBJC_ISA_USAGE = YES_ERROR;
				CLANG_WARN_DOCUMENTATION_COMMENTS = YES;
				CLANG_WARN_EMPTY_BODY = YES;
				CLANG_WARN_ENUM_CONVERSION = YES;
				CLANG_WARN_INFINITE_RECURSION = YES;
				CLANG_WARN_INT_CONVERSION = YES;
				CLANG_WARN_NON_LITERAL_NULL_CONVERSION = YES;
				CLANG_WARN_OBJC_IMPLICIT_RETAIN_SELF = YES;
				CLANG_WARN_OBJC_LITERAL_CONVERSION = YES;
				CLANG_WARN_OBJC_ROOT_CLASS = YES_ERROR;
				CLANG_WARN_QUOTED_INCLUDE_IN_FRAMEWORK_HEADER = YES;
				CLANG_WARN_RANGE_LOOP_ANALYSIS = YES;
				CLANG_WARN_STRICT_PROTOTYPES = YES;
				CLANG_WARN_SUSPICIOUS_MOVE = YES;
				CLANG_WARN_UNGUARDED_AVAILABILITY = YES_AGGRESSIVE;
				CLANG_WARN_UNREACHABLE_CODE = YES;
				CLANG_WARN__DUPLICATE_METHOD_MATCH = YES;
				COPY_PHASE_STRIP = NO;
				DEBUG_INFORMATION_FORMAT = "dwarf-with-dsym";
				ENABLE_NS_ASSERTIONS = NO;
				ENABLE_STRICT_OBJC_MSGSEND = YES;
				GCC_C_LANGUAGE_STANDARD = gnu11;
				GCC_NO_COMMON_BLOCKS = YES;
				GCC_WARN_64_TO_32_BIT_CONVERSION = YES;
				GCC_WARN_ABOUT_RETURN_TYPE = YES_ERROR;
				GCC_WARN_UNDECLARED_SELECTOR = YES;
				GCC_WARN_UNINITIALIZED_AUTOS = YES_AGGRESSIVE;
				GCC_WARN_UNUSED_FUNCTION = YES;
				GCC_WARN_UNUSED_VARIABLE = YES;
				IPHONEOS_DEPLOYMENT_TARGET = 16.1;
				MTL_ENABLE_DEBUG_INFO = NO;
				MTL_FAST_MATH = YES;
				SDKROOT = iphoneos;
				SWIFT_COMPILATION_MODE = wholemodule;
				SWIFT_OPTIMIZATION_LEVEL = "-O";
				VALIDATE_PRODUCT = YES;
			};
			name = Release;
		};
		3AD586BD291DB1CB00BD3B31 /* Debug */ = {
			isa = XCBuildConfiguration;
			buildSettings = {
				ASSETCATALOG_COMPILER_APPICON_NAME = AppIcon;
				ASSETCATALOG_COMPILER_GLOBAL_ACCENT_COLOR_NAME = AccentColor;
				CODE_SIGN_STYLE = Automatic;
				CURRENT_PROJECT_VERSION = 1;
				DEVELOPMENT_ASSET_PATHS = "\"ground-list-up/Preview Content\"";
				DEVELOPMENT_TEAM = 2H76HFF569;
				ENABLE_PREVIEWS = YES;
				GENERATE_INFOPLIST_FILE = YES;
				INFOPLIST_KEY_UIApplicationSceneManifest_Generation = YES;
				INFOPLIST_KEY_UIApplicationSupportsIndirectInputEvents = YES;
				INFOPLIST_KEY_UILaunchScreen_Generation = YES;
				INFOPLIST_KEY_UISupportedInterfaceOrientations_iPad = "UIInterfaceOrientationPortrait UIInterfaceOrientationPortraitUpsideDown UIInterfaceOrientationLandscapeLeft UIInterfaceOrientationLandscapeRight";
				INFOPLIST_KEY_UISupportedInterfaceOrientations_iPhone = "UIInterfaceOrientationPortrait UIInterfaceOrientationLandscapeLeft UIInterfaceOrientationLandscapeRight";
				LD_RUNPATH_SEARCH_PATHS = (
					"$(inherited)",
					"@executable_path/Frameworks",
				);
				MARKETING_VERSION = 1.0;
				PRODUCT_BUNDLE_IDENTIFIER = "BULL.ground-list-up";
				PRODUCT_NAME = "$(TARGET_NAME)";
				SWIFT_EMIT_LOC_STRINGS = YES;
				SWIFT_VERSION = 5.0;
				TARGETED_DEVICE_FAMILY = "1,2";
			};
			name = Debug;
		};
		3AD586BE291DB1CB00BD3B31 /* Release */ = {
			isa = XCBuildConfiguration;
			buildSettings = {
				ASSETCATALOG_COMPILER_APPICON_NAME = AppIcon;
				ASSETCATALOG_COMPILER_GLOBAL_ACCENT_COLOR_NAME = AccentColor;
				CODE_SIGN_STYLE = Automatic;
				CURRENT_PROJECT_VERSION = 1;
				DEVELOPMENT_ASSET_PATHS = "\"ground-list-up/Preview Content\"";
				DEVELOPMENT_TEAM = 2H76HFF569;
				ENABLE_PREVIEWS = YES;
				GENERATE_INFOPLIST_FILE = YES;
				INFOPLIST_KEY_UIApplicationSceneManifest_Generation = YES;
				INFOPLIST_KEY_UIApplicationSupportsIndirectInputEvents = YES;
				INFOPLIST_KEY_UILaunchScreen_Generation = YES;
				INFOPLIST_KEY_UISupportedInterfaceOrientations_iPad = "UIInterfaceOrientationPortrait UIInterfaceOrientationPortraitUpsideDown UIInterfaceOrientationLandscapeLeft UIInterfaceOrientationLandscapeRight";
				INFOPLIST_KEY_UISupportedInterfaceOrientations_iPhone = "UIInterfaceOrientationPortrait UIInterfaceOrientationLandscapeLeft UIInterfaceOrientationLandscapeRight";
				LD_RUNPATH_SEARCH_PATHS = (
					"$(inherited)",
					"@executable_path/Frameworks",
				);
				MARKETING_VERSION = 1.0;
				PRODUCT_BUNDLE_IDENTIFIER = "BULL.ground-list-up";
				PRODUCT_NAME = "$(TARGET_NAME)";
				SWIFT_EMIT_LOC_STRINGS = YES;
				SWIFT_VERSION = 5.0;
				TARGETED_DEVICE_FAMILY = "1,2";
			};
			name = Release;
		};
		3AD586C0291DB1CB00BD3B31 /* Debug */ = {
			isa = XCBuildConfiguration;
			buildSettings = {
				ALWAYS_EMBED_SWIFT_STANDARD_LIBRARIES = YES;
				BUNDLE_LOADER = "$(TEST_HOST)";
				CODE_SIGN_STYLE = Automatic;
				CURRENT_PROJECT_VERSION = 1;
				DEVELOPMENT_TEAM = 2H76HFF569;
				GENERATE_INFOPLIST_FILE = YES;
				IPHONEOS_DEPLOYMENT_TARGET = 16.1;
				MARKETING_VERSION = 1.0;
				PRODUCT_BUNDLE_IDENTIFIER = "BULL.ground-list-upTests";
				PRODUCT_NAME = "$(TARGET_NAME)";
				SWIFT_EMIT_LOC_STRINGS = NO;
				SWIFT_VERSION = 5.0;
				TARGETED_DEVICE_FAMILY = "1,2";
				TEST_HOST = "$(BUILT_PRODUCTS_DIR)/ground-list-up.app/$(BUNDLE_EXECUTABLE_FOLDER_PATH)/ground-list-up";
			};
			name = Debug;
		};
		3AD586C1291DB1CB00BD3B31 /* Release */ = {
			isa = XCBuildConfiguration;
			buildSettings = {
				ALWAYS_EMBED_SWIFT_STANDARD_LIBRARIES = YES;
				BUNDLE_LOADER = "$(TEST_HOST)";
				CODE_SIGN_STYLE = Automatic;
				CURRENT_PROJECT_VERSION = 1;
				DEVELOPMENT_TEAM = 2H76HFF569;
				GENERATE_INFOPLIST_FILE = YES;
				IPHONEOS_DEPLOYMENT_TARGET = 16.1;
				MARKETING_VERSION = 1.0;
				PRODUCT_BUNDLE_IDENTIFIER = "BULL.ground-list-upTests";
				PRODUCT_NAME = "$(TARGET_NAME)";
				SWIFT_EMIT_LOC_STRINGS = NO;
				SWIFT_VERSION = 5.0;
				TARGETED_DEVICE_FAMILY = "1,2";
				TEST_HOST = "$(BUILT_PRODUCTS_DIR)/ground-list-up.app/$(BUNDLE_EXECUTABLE_FOLDER_PATH)/ground-list-up";
			};
			name = Release;
		};
		3AD586C3291DB1CB00BD3B31 /* Debug */ = {
			isa = XCBuildConfiguration;
			buildSettings = {
				ALWAYS_EMBED_SWIFT_STANDARD_LIBRARIES = YES;
				CODE_SIGN_STYLE = Automatic;
				CURRENT_PROJECT_VERSION = 1;
				DEVELOPMENT_TEAM = 2H76HFF569;
				GENERATE_INFOPLIST_FILE = YES;
				MARKETING_VERSION = 1.0;
				PRODUCT_BUNDLE_IDENTIFIER = "BULL.ground-list-upUITests";
				PRODUCT_NAME = "$(TARGET_NAME)";
				SWIFT_EMIT_LOC_STRINGS = NO;
				SWIFT_VERSION = 5.0;
				TARGETED_DEVICE_FAMILY = "1,2";
				TEST_TARGET_NAME = "ground-list-up";
			};
			name = Debug;
		};
		3AD586C4291DB1CB00BD3B31 /* Release */ = {
			isa = XCBuildConfiguration;
			buildSettings = {
				ALWAYS_EMBED_SWIFT_STANDARD_LIBRARIES = YES;
				CODE_SIGN_STYLE = Automatic;
				CURRENT_PROJECT_VERSION = 1;
				DEVELOPMENT_TEAM = 2H76HFF569;
				GENERATE_INFOPLIST_FILE = YES;
				MARKETING_VERSION = 1.0;
				PRODUCT_BUNDLE_IDENTIFIER = "BULL.ground-list-upUITests";
				PRODUCT_NAME = "$(TARGET_NAME)";
				SWIFT_EMIT_LOC_STRINGS = NO;
				SWIFT_VERSION = 5.0;
				TARGETED_DEVICE_FAMILY = "1,2";
				TEST_TARGET_NAME = "ground-list-up";
			};
			name = Release;
		};
/* End XCBuildConfiguration section */

/* Begin XCConfigurationList section */
		3AD58693291DB1CA00BD3B31 /* Build configuration list for PBXProject "ground-list-up" */ = {
			isa = XCConfigurationList;
			buildConfigurations = (
				3AD586BA291DB1CB00BD3B31 /* Debug */,
				3AD586BB291DB1CB00BD3B31 /* Release */,
			);
			defaultConfigurationIsVisible = 0;
			defaultConfigurationName = Release;
		};
		3AD586BC291DB1CB00BD3B31 /* Build configuration list for PBXNativeTarget "ground-list-up" */ = {
			isa = XCConfigurationList;
			buildConfigurations = (
				3AD586BD291DB1CB00BD3B31 /* Debug */,
				3AD586BE291DB1CB00BD3B31 /* Release */,
			);
			defaultConfigurationIsVisible = 0;
			defaultConfigurationName = Release;
		};
		3AD586BF291DB1CB00BD3B31 /* Build configuration list for PBXNativeTarget "ground-list-upTests" */ = {
			isa = XCConfigurationList;
			buildConfigurations = (
				3AD586C0291DB1CB00BD3B31 /* Debug */,
				3AD586C1291DB1CB00BD3B31 /* Release */,
			);
			defaultConfigurationIsVisible = 0;
			defaultConfigurationName = Release;
		};
		3AD586C2291DB1CB00BD3B31 /* Build configuration list for PBXNativeTarget "ground-list-upUITests" */ = {
			isa = XCConfigurationList;
			buildConfigurations = (
				3AD586C3291DB1CB00BD3B31 /* Debug */,
				3AD586C4291DB1CB00BD3B31 /* Release */,
			);
			defaultConfigurationIsVisible = 0;
			defaultConfigurationName = Release;
		};
/* End XCConfigurationList section */
	};
	rootObject = 3AD58690291DB1CA00BD3B31 /* Project object */;
}
